
Microsoft Visual Studio Solution File, Format Version 12.00
# Visual Studio Version 16
VisualStudioVersion = 16.0.30330.147
MinimumVisualStudioVersion = 10.0.40219.1
Project("{FAE04EC0-301F-11D3-BF4B-00C04F79EFBC}") = "FactoryDemo", "AbstractFactoryDemo\FactoryDemo.csproj", "{6A588123-22F5-4749-99C1-98E1C9DA555A}"
EndProject
Global
	GlobalSection(SolutionConfigurationPlatforms) = preSolution
		Debug|Any CPU = Debug|Any CPU
		Release|Any CPU = Release|Any CPU
	EndGlobalSection
	GlobalSection(ProjectConfigurationPlatforms) = postSolution
		{6A588123-22F5-4749-99C1-98E1C9DA555A}.Debug|Any CPU.ActiveCfg = Debug|Any CPU
		{6A588123-22F5-4749-99C1-98E1C9DA555A}.Debug|Any CPU.Build.0 = Debug|Any CPU
		{6A588123-22F5-4749-99C1-98E1C9DA555A}.Release|Any CPU.ActiveCfg = Release|Any CPU
		{6A588123-22F5-4749-99C1-98E1C9DA555A}.Release|Any CPU.Build.0 = Release|Any CPU
	EndGlobalSection
	GlobalSection(SolutionProperties) = preSolution
		HideSolutionNode = FALSE
	EndGlobalSection
	GlobalSection(ExtensibilityGlobals) = postSolution
		SolutionGuid = {552319B8-A205-488E-A02F-22960A6C1D35}
	EndGlobalSection
EndGlobal
